
Microsoft Visual Studio Solution File, Format Version 12.00
# Visual Studio Version 17
VisualStudioVersion = 17.5.33502.453
MinimumVisualStudioVersion = 10.0.40219.1
Project("{FAE04EC0-301F-11D3-BF4B-00C04F79EFBC}") = "AdoLibrary", "AdoLibrary\AdoLibrary.csproj", "{D5C366D9-B762-4D42-A86B-320105974CA3}"
EndProject
Project("{FAE04EC0-301F-11D3-BF4B-00C04F79EFBC}") = "CDFirstLibrary", "CDFirstLibrary\CDFirstLibrary.csproj", "{5428F66C-346A-4952-9532-F26540E15612}"
EndProject
Project("{FAE04EC0-301F-11D3-BF4B-00C04F79EFBC}") = "DBFirstLibrary", "DBFirstLibrary\DBFirstLibrary.csproj", "{D22CBB90-88EE-40C4-8875-46AFB686386C}"
EndProject
Global
	GlobalSection(SolutionConfigurationPlatforms) = preSolution
		Debug|Any CPU = Debug|Any CPU
		Release|Any CPU = Release|Any CPU
	EndGlobalSection
	GlobalSection(ProjectConfigurationPlatforms) = postSolution
		{D5C366D9-B762-4D42-A86B-320105974CA3}.Debug|Any CPU.ActiveCfg = Debug|Any CPU
		{D5C366D9-B762-4D42-A86B-320105974CA3}.Debug|Any CPU.Build.0 = Debug|Any CPU
		{D5C366D9-B762-4D42-A86B-320105974CA3}.Release|Any CPU.ActiveCfg = Release|Any CPU
		{D5C366D9-B762-4D42-A86B-320105974CA3}.Release|Any CPU.Build.0 = Release|Any CPU
		{5428F66C-346A-4952-9532-F26540E15612}.Debug|Any CPU.ActiveCfg = Debug|Any CPU
		{5428F66C-346A-4952-9532-F26540E15612}.Debug|Any CPU.Build.0 = Debug|Any CPU
		{5428F66C-346A-4952-9532-F26540E15612}.Release|Any CPU.ActiveCfg = Release|Any CPU
		{5428F66C-346A-4952-9532-F26540E15612}.Release|Any CPU.Build.0 = Release|Any CPU
		{D22CBB90-88EE-40C4-8875-46AFB686386C}.Debug|Any CPU.ActiveCfg = Debug|Any CPU
		{D22CBB90-88EE-40C4-8875-46AFB686386C}.Debug|Any CPU.Build.0 = Debug|Any CPU
		{D22CBB90-88EE-40C4-8875-46AFB686386C}.Release|Any CPU.ActiveCfg = Release|Any CPU
		{D22CBB90-88EE-40C4-8875-46AFB686386C}.Release|Any CPU.Build.0 = Release|Any CPU
	EndGlobalSection
	GlobalSection(SolutionProperties) = preSolution
		HideSolutionNode = FALSE
	EndGlobalSection
	GlobalSection(ExtensibilityGlobals) = postSolution
		SolutionGuid = {5F24D338-E7BE-4271-B141-24A114D198AF}
	EndGlobalSection
EndGlobal
