
Microsoft Visual Studio Solution File, Format Version 12.00
# Visual Studio Version 17
VisualStudioVersion = 17.5.33502.453
MinimumVisualStudioVersion = 10.0.40219.1
Project("{FAE04EC0-301F-11D3-BF4B-00C04F79EFBC}") = "AdoLibrary", "AdoLibrary.csproj", "{0EBB74D2-1BDF-481F-8857-F85968772C4D}"
EndProject
Global
	GlobalSection(SolutionConfigurationPlatforms) = preSolution
		Debug|Any CPU = Debug|Any CPU
		Release|Any CPU = Release|Any CPU
	EndGlobalSection
	GlobalSection(ProjectConfigurationPlatforms) = postSolution
		{0EBB74D2-1BDF-481F-8857-F85968772C4D}.Debug|Any CPU.ActiveCfg = Debug|Any CPU
		{0EBB74D2-1BDF-481F-8857-F85968772C4D}.Debug|Any CPU.Build.0 = Debug|Any CPU
		{0EBB74D2-1BDF-481F-8857-F85968772C4D}.Release|Any CPU.ActiveCfg = Release|Any CPU
		{0EBB74D2-1BDF-481F-8857-F85968772C4D}.Release|Any CPU.Build.0 = Release|Any CPU
	EndGlobalSection
	GlobalSection(SolutionProperties) = preSolution
		HideSolutionNode = FALSE
	EndGlobalSection
	GlobalSection(ExtensibilityGlobals) = postSolution
		SolutionGuid = {8DD566D8-FF2D-4455-8C0C-EAF0DB5B4ED0}
	EndGlobalSection
EndGlobal
